
Microsoft Visual Studio Solution File, Format Version 12.00
# Visual Studio Version 17
VisualStudioVersion = 17.5.33516.290
MinimumVisualStudioVersion = 10.0.40219.1
Project("{FAE04EC0-301F-11D3-BF4B-00C04F79EFBC}") = "ConsoleApp2", "ConsoleApp2.csproj", "{DA732125-D256-4120-8B95-9755213DA5D2}"
EndProject
Global
	GlobalSection(SolutionConfigurationPlatforms) = preSolution
		Debug|Any CPU = Debug|Any CPU
		Release|Any CPU = Release|Any CPU
	EndGlobalSection
	GlobalSection(ProjectConfigurationPlatforms) = postSolution
		{DA732125-D256-4120-8B95-9755213DA5D2}.Debug|Any CPU.ActiveCfg = Debug|Any CPU
		{DA732125-D256-4120-8B95-9755213DA5D2}.Debug|Any CPU.Build.0 = Debug|Any CPU
		{DA732125-D256-4120-8B95-9755213DA5D2}.Release|Any CPU.ActiveCfg = Release|Any CPU
		{DA732125-D256-4120-8B95-9755213DA5D2}.Release|Any CPU.Build.0 = Release|Any CPU
	EndGlobalSection
	GlobalSection(SolutionProperties) = preSolution
		HideSolutionNode = FALSE
	EndGlobalSection
	GlobalSection(ExtensibilityGlobals) = postSolution
		SolutionGuid = {2D1B1E06-8120-4D3D-A0C2-7D6EDFB67927}
	EndGlobalSection
EndGlobal
